
Microsoft Visual Studio Solution File, Format Version 12.00
# Visual Studio 14
VisualStudioVersion = 14.0.24720.0
MinimumVisualStudioVersion = 10.0.40219.1
Project("{2150E333-8FDC-42A3-9474-1A3956D46DE8}") = "Console", "Console", "{425EDA67-4906-43DC-BA78-91DBC987A462}"
EndProject
Project("{FAE04EC0-301F-11D3-BF4B-00C04F79EFBC}") = "Messaging.Queue.Provider.Samples.Console", "Console\Messaging.Queue.Provider.Samples.Console\Messaging.Queue.Provider.Samples.Console.csproj", "{9547A267-F7A0-41BD-84B5-AE08CBED549F}"
EndProject
Global
	GlobalSection(SolutionConfigurationPlatforms) = preSolution
		Debug|Any CPU = Debug|Any CPU
		Release|Any CPU = Release|Any CPU
	EndGlobalSection
	GlobalSection(ProjectConfigurationPlatforms) = postSolution
		{9547A267-F7A0-41BD-84B5-AE08CBED549F}.Debug|Any CPU.ActiveCfg = Debug|Any CPU
		{9547A267-F7A0-41BD-84B5-AE08CBED549F}.Debug|Any CPU.Build.0 = Debug|Any CPU
		{9547A267-F7A0-41BD-84B5-AE08CBED549F}.Release|Any CPU.ActiveCfg = Release|Any CPU
		{9547A267-F7A0-41BD-84B5-AE08CBED549F}.Release|Any CPU.Build.0 = Release|Any CPU
	EndGlobalSection
	GlobalSection(SolutionProperties) = preSolution
		HideSolutionNode = FALSE
	EndGlobalSection
	GlobalSection(NestedProjects) = preSolution
		{9547A267-F7A0-41BD-84B5-AE08CBED549F} = {425EDA67-4906-43DC-BA78-91DBC987A462}
	EndGlobalSection
EndGlobal
